
Microsoft Visual Studio Solution File, Format Version 12.00
# Visual Studio Version 17
VisualStudioVersion = 17.1.32414.318
MinimumVisualStudioVersion = 10.0.40219.1
Project("{A07B5EB6-E848-4116-A8D0-A826331D98C6}") = "MVCServicFabric", "MVCServicFabric.sfproj", "{5E66A3B9-6579-40C9-82DF-8AF458D10C06}"
EndProject
Project("{FAE04EC0-301F-11D3-BF4B-00C04F79EFBC}") = "MVCService", "..\MVCService\MVCService.csproj", "{44B7700B-5873-497D-AB1A-5E5021EBA30A}"
EndProject
Global
	GlobalSection(SolutionConfigurationPlatforms) = preSolution
		Debug|Any CPU = Debug|Any CPU
		Debug|x64 = Debug|x64
		Release|Any CPU = Release|Any CPU
		Release|x64 = Release|x64
	EndGlobalSection
	GlobalSection(ProjectConfigurationPlatforms) = postSolution
		{5E66A3B9-6579-40C9-82DF-8AF458D10C06}.Debug|Any CPU.ActiveCfg = Debug|x64
		{5E66A3B9-6579-40C9-82DF-8AF458D10C06}.Debug|Any CPU.Build.0 = Debug|x64
		{5E66A3B9-6579-40C9-82DF-8AF458D10C06}.Debug|Any CPU.Deploy.0 = Debug|x64
		{5E66A3B9-6579-40C9-82DF-8AF458D10C06}.Debug|x64.ActiveCfg = Debug|x64
		{5E66A3B9-6579-40C9-82DF-8AF458D10C06}.Debug|x64.Build.0 = Debug|x64
		{5E66A3B9-6579-40C9-82DF-8AF458D10C06}.Debug|x64.Deploy.0 = Debug|x64
		{5E66A3B9-6579-40C9-82DF-8AF458D10C06}.Release|Any CPU.ActiveCfg = Release|x64
		{5E66A3B9-6579-40C9-82DF-8AF458D10C06}.Release|Any CPU.Build.0 = Release|x64
		{5E66A3B9-6579-40C9-82DF-8AF458D10C06}.Release|Any CPU.Deploy.0 = Release|x64
		{5E66A3B9-6579-40C9-82DF-8AF458D10C06}.Release|x64.ActiveCfg = Release|x64
		{5E66A3B9-6579-40C9-82DF-8AF458D10C06}.Release|x64.Build.0 = Release|x64
		{5E66A3B9-6579-40C9-82DF-8AF458D10C06}.Release|x64.Deploy.0 = Release|x64
		{44B7700B-5873-497D-AB1A-5E5021EBA30A}.Debug|Any CPU.ActiveCfg = Debug|Any CPU
		{44B7700B-5873-497D-AB1A-5E5021EBA30A}.Debug|Any CPU.Build.0 = Debug|Any CPU
		{44B7700B-5873-497D-AB1A-5E5021EBA30A}.Debug|x64.ActiveCfg = Debug|Any CPU
		{44B7700B-5873-497D-AB1A-5E5021EBA30A}.Debug|x64.Build.0 = Debug|Any CPU
		{44B7700B-5873-497D-AB1A-5E5021EBA30A}.Release|Any CPU.ActiveCfg = Release|Any CPU
		{44B7700B-5873-497D-AB1A-5E5021EBA30A}.Release|Any CPU.Build.0 = Release|Any CPU
		{44B7700B-5873-497D-AB1A-5E5021EBA30A}.Release|x64.ActiveCfg = Release|Any CPU
		{44B7700B-5873-497D-AB1A-5E5021EBA30A}.Release|x64.Build.0 = Release|Any CPU
	EndGlobalSection
	GlobalSection(SolutionProperties) = preSolution
		HideSolutionNode = FALSE
	EndGlobalSection
	GlobalSection(ExtensibilityGlobals) = postSolution
		SolutionGuid = {3E0DCDE5-DA3D-4781-A306-44C3E7BF60BC}
	EndGlobalSection
EndGlobal
