
Microsoft Visual Studio Solution File, Format Version 12.00
# Visual Studio Version 17
VisualStudioVersion = 17.1.32407.343
MinimumVisualStudioVersion = 10.0.40219.1
Project("{FAE04EC0-301F-11D3-BF4B-00C04F79EFBC}") = "DesginPattern", "DesginPattern\DesginPattern.csproj", "{3E99D2E9-52B9-46E7-9DE0-BD99740F9F08}"
EndProject
Global
	GlobalSection(SolutionConfigurationPlatforms) = preSolution
		Debug|Any CPU = Debug|Any CPU
		Release|Any CPU = Release|Any CPU
	EndGlobalSection
	GlobalSection(ProjectConfigurationPlatforms) = postSolution
		{3E99D2E9-52B9-46E7-9DE0-BD99740F9F08}.Debug|Any CPU.ActiveCfg = Debug|Any CPU
		{3E99D2E9-52B9-46E7-9DE0-BD99740F9F08}.Debug|Any CPU.Build.0 = Debug|Any CPU
		{3E99D2E9-52B9-46E7-9DE0-BD99740F9F08}.Release|Any CPU.ActiveCfg = Release|Any CPU
		{3E99D2E9-52B9-46E7-9DE0-BD99740F9F08}.Release|Any CPU.Build.0 = Release|Any CPU
	EndGlobalSection
	GlobalSection(SolutionProperties) = preSolution
		HideSolutionNode = FALSE
	EndGlobalSection
	GlobalSection(ExtensibilityGlobals) = postSolution
		SolutionGuid = {CFA8E6F1-A695-49ED-93E7-C325CB1687B7}
	EndGlobalSection
EndGlobal
