
Microsoft Visual Studio Solution File, Format Version 12.00
# Visual Studio Version 17
VisualStudioVersion = 17.1.32407.343
MinimumVisualStudioVersion = 10.0.40219.1
Project("{FAE04EC0-301F-11D3-BF4B-00C04F79EFBC}") = "minimalapi", "minimalapi\minimalapi.csproj", "{5AFAC320-250E-49E7-998E-F59CE633C993}"
EndProject
Global
	GlobalSection(SolutionConfigurationPlatforms) = preSolution
		Debug|Any CPU = Debug|Any CPU
		Release|Any CPU = Release|Any CPU
	EndGlobalSection
	GlobalSection(ProjectConfigurationPlatforms) = postSolution
		{5AFAC320-250E-49E7-998E-F59CE633C993}.Debug|Any CPU.ActiveCfg = Debug|Any CPU
		{5AFAC320-250E-49E7-998E-F59CE633C993}.Debug|Any CPU.Build.0 = Debug|Any CPU
		{5AFAC320-250E-49E7-998E-F59CE633C993}.Release|Any CPU.ActiveCfg = Release|Any CPU
		{5AFAC320-250E-49E7-998E-F59CE633C993}.Release|Any CPU.Build.0 = Release|Any CPU
	EndGlobalSection
	GlobalSection(SolutionProperties) = preSolution
		HideSolutionNode = FALSE
	EndGlobalSection
	GlobalSection(ExtensibilityGlobals) = postSolution
		SolutionGuid = {54EB8A97-CC6B-4E0A-A0EE-5AA80CECA63F}
	EndGlobalSection
EndGlobal
