
Microsoft Visual Studio Solution File, Format Version 12.00
# Visual Studio Version 17
VisualStudioVersion = 17.1.32407.343
MinimumVisualStudioVersion = 10.0.40219.1
Project("{FAE04EC0-301F-11D3-BF4B-00C04F79EFBC}") = "ServerSocket1", "ServerSocket1\ServerSocket1.csproj", "{75BCBCAD-970B-44C9-96CA-5DF9E92201B7}"
EndProject
Global
	GlobalSection(SolutionConfigurationPlatforms) = preSolution
		Debug|Any CPU = Debug|Any CPU
		Release|Any CPU = Release|Any CPU
	EndGlobalSection
	GlobalSection(ProjectConfigurationPlatforms) = postSolution
		{75BCBCAD-970B-44C9-96CA-5DF9E92201B7}.Debug|Any CPU.ActiveCfg = Debug|Any CPU
		{75BCBCAD-970B-44C9-96CA-5DF9E92201B7}.Debug|Any CPU.Build.0 = Debug|Any CPU
		{75BCBCAD-970B-44C9-96CA-5DF9E92201B7}.Release|Any CPU.ActiveCfg = Release|Any CPU
		{75BCBCAD-970B-44C9-96CA-5DF9E92201B7}.Release|Any CPU.Build.0 = Release|Any CPU
	EndGlobalSection
	GlobalSection(SolutionProperties) = preSolution
		HideSolutionNode = FALSE
	EndGlobalSection
	GlobalSection(ExtensibilityGlobals) = postSolution
		SolutionGuid = {8025CAC6-3B90-46E0-9C03-E1C6688F7908}
	EndGlobalSection
EndGlobal
