
Microsoft Visual Studio Solution File, Format Version 12.00
# Visual Studio Version 17
VisualStudioVersion = 17.1.32210.238
MinimumVisualStudioVersion = 10.0.40219.1
Project("{FAE04EC0-301F-11D3-BF4B-00C04F79EFBC}") = "userapi", "userapi.csproj", "{28B6F233-F50F-499A-AA75-ACB84CDD72D7}"
EndProject
Global
	GlobalSection(SolutionConfigurationPlatforms) = preSolution
		Debug|Any CPU = Debug|Any CPU
		Release|Any CPU = Release|Any CPU
	EndGlobalSection
	GlobalSection(ProjectConfigurationPlatforms) = postSolution
		{28B6F233-F50F-499A-AA75-ACB84CDD72D7}.Debug|Any CPU.ActiveCfg = Debug|Any CPU
		{28B6F233-F50F-499A-AA75-ACB84CDD72D7}.Debug|Any CPU.Build.0 = Debug|Any CPU
		{28B6F233-F50F-499A-AA75-ACB84CDD72D7}.Release|Any CPU.ActiveCfg = Release|Any CPU
		{28B6F233-F50F-499A-AA75-ACB84CDD72D7}.Release|Any CPU.Build.0 = Release|Any CPU
	EndGlobalSection
	GlobalSection(SolutionProperties) = preSolution
		HideSolutionNode = FALSE
	EndGlobalSection
	GlobalSection(ExtensibilityGlobals) = postSolution
		SolutionGuid = {CC856381-FE13-427C-AA2B-FBF413372492}
	EndGlobalSection
EndGlobal
