
Microsoft Visual Studio Solution File, Format Version 12.00
# Visual Studio Version 17
VisualStudioVersion = 17.1.32210.238
MinimumVisualStudioVersion = 10.0.40219.1
Project("{FAE04EC0-301F-11D3-BF4B-00C04F79EFBC}") = "day1_asp.net", "day1_asp.net.csproj", "{7BA1BADC-24A9-411F-80F6-CBDA8781A0B3}"
EndProject
Global
	GlobalSection(SolutionConfigurationPlatforms) = preSolution
		Debug|Any CPU = Debug|Any CPU
		Release|Any CPU = Release|Any CPU
	EndGlobalSection
	GlobalSection(ProjectConfigurationPlatforms) = postSolution
		{7BA1BADC-24A9-411F-80F6-CBDA8781A0B3}.Debug|Any CPU.ActiveCfg = Debug|Any CPU
		{7BA1BADC-24A9-411F-80F6-CBDA8781A0B3}.Debug|Any CPU.Build.0 = Debug|Any CPU
		{7BA1BADC-24A9-411F-80F6-CBDA8781A0B3}.Release|Any CPU.ActiveCfg = Release|Any CPU
		{7BA1BADC-24A9-411F-80F6-CBDA8781A0B3}.Release|Any CPU.Build.0 = Release|Any CPU
	EndGlobalSection
	GlobalSection(SolutionProperties) = preSolution
		HideSolutionNode = FALSE
	EndGlobalSection
	GlobalSection(ExtensibilityGlobals) = postSolution
		SolutionGuid = {9E3F64A1-3CF6-4845-9946-3F4BCC1CD62E}
	EndGlobalSection
EndGlobal
